
Microsoft Visual Studio Solution File, Format Version 12.00
# Visual Studio 15
VisualStudioVersion = 15.0.27428.2005
MinimumVisualStudioVersion = 10.0.40219.1
Project("{FAE04EC0-301F-11D3-BF4B-00C04F79EFBC}") = "atarialauncher", "atarialauncher\atarialauncher.csproj", "{8728277F-D271-4988-B632-3D150D0D2DCA}"
EndProject
Global
	GlobalSection(SolutionConfigurationPlatforms) = preSolution
		Debug|Any CPU = Debug|Any CPU
		Release|Any CPU = Release|Any CPU
	EndGlobalSection
	GlobalSection(ProjectConfigurationPlatforms) = postSolution
		{8728277F-D271-4988-B632-3D150D0D2DCA}.Debug|Any CPU.ActiveCfg = Debug|Any CPU
		{8728277F-D271-4988-B632-3D150D0D2DCA}.Debug|Any CPU.Build.0 = Debug|Any CPU
		{8728277F-D271-4988-B632-3D150D0D2DCA}.Release|Any CPU.ActiveCfg = Release|Any CPU
		{8728277F-D271-4988-B632-3D150D0D2DCA}.Release|Any CPU.Build.0 = Release|Any CPU
	EndGlobalSection
	GlobalSection(SolutionProperties) = preSolution
		HideSolutionNode = FALSE
	EndGlobalSection
	GlobalSection(ExtensibilityGlobals) = postSolution
		SolutionGuid = {045D5721-46AB-4420-8697-E778D8225EC3}
	EndGlobalSection
EndGlobal
